
Microsoft Visual Studio Solution File, Format Version 12.00
# Visual Studio Version 17
VisualStudioVersion = 17.2.32630.192
MinimumVisualStudioVersion = 10.0.40219.1
Project("{FAE04EC0-301F-11D3-BF4B-00C04F79EFBC}") = "HM1_PrintText", "HM1_PrintText\HM1_PrintText.csproj", "{6570109B-3063-436A-AA59-7BC11E1CD99B}"
EndProject
Global
	GlobalSection(SolutionConfigurationPlatforms) = preSolution
		Debug|Any CPU = Debug|Any CPU
		Release|Any CPU = Release|Any CPU
	EndGlobalSection
	GlobalSection(ProjectConfigurationPlatforms) = postSolution
		{6570109B-3063-436A-AA59-7BC11E1CD99B}.Debug|Any CPU.ActiveCfg = Debug|Any CPU
		{6570109B-3063-436A-AA59-7BC11E1CD99B}.Debug|Any CPU.Build.0 = Debug|Any CPU
		{6570109B-3063-436A-AA59-7BC11E1CD99B}.Release|Any CPU.ActiveCfg = Release|Any CPU
		{6570109B-3063-436A-AA59-7BC11E1CD99B}.Release|Any CPU.Build.0 = Release|Any CPU
	EndGlobalSection
	GlobalSection(SolutionProperties) = preSolution
		HideSolutionNode = FALSE
	EndGlobalSection
	GlobalSection(ExtensibilityGlobals) = postSolution
		SolutionGuid = {68F54183-B416-4D83-BAF9-E67A912CE037}
	EndGlobalSection
EndGlobal
